
Microsoft Visual Studio Solution File, Format Version 12.00
# Visual Studio 15
VisualStudioVersion = 15.0.28010.2046
MinimumVisualStudioVersion = 10.0.40219.1
Project("{FAE04EC0-301F-11D3-BF4B-00C04F79EFBC}") = "COMP123-S2019-A5-301044883", "COMP123-S2019-A5-301044883\COMP123-S2019-A5-301044883.csproj", "{BD3610B7-93B5-4F0A-AEBF-5A8D6CB7C3F6}"
EndProject
Global
	GlobalSection(SolutionConfigurationPlatforms) = preSolution
		Debug|Any CPU = Debug|Any CPU
		Release|Any CPU = Release|Any CPU
	EndGlobalSection
	GlobalSection(ProjectConfigurationPlatforms) = postSolution
		{BD3610B7-93B5-4F0A-AEBF-5A8D6CB7C3F6}.Debug|Any CPU.ActiveCfg = Debug|Any CPU
		{BD3610B7-93B5-4F0A-AEBF-5A8D6CB7C3F6}.Debug|Any CPU.Build.0 = Debug|Any CPU
		{BD3610B7-93B5-4F0A-AEBF-5A8D6CB7C3F6}.Release|Any CPU.ActiveCfg = Release|Any CPU
		{BD3610B7-93B5-4F0A-AEBF-5A8D6CB7C3F6}.Release|Any CPU.Build.0 = Release|Any CPU
	EndGlobalSection
	GlobalSection(SolutionProperties) = preSolution
		HideSolutionNode = FALSE
	EndGlobalSection
	GlobalSection(ExtensibilityGlobals) = postSolution
		SolutionGuid = {A02819C7-C686-400C-9C29-AB4F0964C981}
	EndGlobalSection
EndGlobal
